// !$*UTF8*$!
{
	archiveVersion = 1;
	classes = {
	};
	objectVersion = 56;
	objects = {

/* Begin PBXBuildFile section */
		038A06992C3D6F730017DE6E /* ChatMateApp.swift in Sources */ = {isa = PBXBuildFile; fileRef = 038A06982C3D6F730017DE6E /* ChatMateApp.swift */; };
		038A069B2C3D6F730017DE6E /* ContentView.swift in Sources */ = {isa = PBXBuildFile; fileRef = 038A069A2C3D6F730017DE6E /* ContentView.swift */; };
		038A069D2C3D6F750017DE6E /* Assets.xcassets in Resources */ = {isa = PBXBuildFile; fileRef = 038A069C2C3D6F750017DE6E /* Assets.xcassets */; };
		038A06A02C3D6F750017DE6E /* Preview Assets.xcassets in Resources */ = {isa = PBXBuildFile; fileRef = 038A069F2C3D6F750017DE6E /* Preview Assets.xcassets */; };
		038A06AA2C3D6F750017DE6E /* ChatMateTests.swift in Sources */ = {isa = PBXBuildFile; fileRef = 038A06A92C3D6F750017DE6E /* ChatMateTests.swift */; };
		038A06B42C3D6F750017DE6E /* ChatMateUITests.swift in Sources */ = {isa = PBXBuildFile; fileRef = 038A06B32C3D6F750017DE6E /* ChatMateUITests.swift */; };
		038A06B62C3D6F750017DE6E /* ChatMateUITestsLaunchTests.swift in Sources */ = {isa = PBXBuildFile; fileRef = 038A06B52C3D6F750017DE6E /* ChatMateUITestsLaunchTests.swift */; };
		038A06C32C3D71FA0017DE6E /* GoogleService-Info.plist in Resources */ = {isa = PBXBuildFile; fileRef = 038A06C22C3D71FA0017DE6E /* GoogleService-Info.plist */; };
		038A06C62C3D73C90017DE6E /* FirebaseAuth in Frameworks */ = {isa = PBXBuildFile; productRef = 038A06C52C3D73C90017DE6E /* FirebaseAuth */; };
		038A06C82C3D73C90017DE6E /* FirebaseFirestore in Frameworks */ = {isa = PBXBuildFile; productRef = 038A06C72C3D73C90017DE6E /* FirebaseFirestore */; };
		038A06CA2C3D73C90017DE6E /* FirebaseFirestoreSwift in Frameworks */ = {isa = PBXBuildFile; productRef = 038A06C92C3D73C90017DE6E /* FirebaseFirestoreSwift */; };
		038A06CC2C3D73C90017DE6E /* FirebaseStorage in Frameworks */ = {isa = PBXBuildFile; productRef = 038A06CB2C3D73C90017DE6E /* FirebaseStorage */; };
		03BDAA0F2C3D79450081E3FA /* SignupView.swift in Sources */ = {isa = PBXBuildFile; fileRef = 03BDAA0E2C3D79450081E3FA /* SignupView.swift */; };
		03BDAA122C3D7DF50081E3FA /* Strings+Extensions.swift in Sources */ = {isa = PBXBuildFile; fileRef = 03BDAA112C3D7DF50081E3FA /* Strings+Extensions.swift */; };
		03BDAA162C3DA2C20081E3FA /* ChatViewModel.swift in Sources */ = {isa = PBXBuildFile; fileRef = 03BDAA152C3DA2C20081E3FA /* ChatViewModel.swift */; };
		03BDAA182C3DABC50081E3FA /* LoginView.swift in Sources */ = {isa = PBXBuildFile; fileRef = 03BDAA172C3DABC50081E3FA /* LoginView.swift */; };
		03EED9812C3EC3AB00A6A8AC /* MainView.swift in Sources */ = {isa = PBXBuildFile; fileRef = 03EED9802C3EC3AB00A6A8AC /* MainView.swift */; };
		03EED9832C3ECF6D00A6A8AC /* AppState.swift in Sources */ = {isa = PBXBuildFile; fileRef = 03EED9822C3ECF6D00A6A8AC /* AppState.swift */; };
/* End PBXBuildFile section */

/* Begin PBXContainerItemProxy section */
		038A06A62C3D6F750017DE6E /* PBXContainerItemProxy */ = {
			isa = PBXContainerItemProxy;
			containerPortal = 038A068D2C3D6F730017DE6E /* Project object */;
			proxyType = 1;
			remoteGlobalIDString = 038A06942C3D6F730017DE6E;
			remoteInfo = ChatMate;
		};
		038A06B02C3D6F750017DE6E /* PBXContainerItemProxy */ = {
			isa = PBXContainerItemProxy;
			containerPortal = 038A068D2C3D6F730017DE6E /* Project object */;
			proxyType = 1;
			remoteGlobalIDString = 038A06942C3D6F730017DE6E;
			remoteInfo = ChatMate;
		};
/* End PBXContainerItemProxy section */

/* Begin PBXFileReference section */
		038A06952C3D6F730017DE6E /* ChatMate.app */ = {isa = PBXFileReference; explicitFileType = wrapper.application; includeInIndex = 0; path = ChatMate.app; sourceTree = BUILT_PRODUCTS_DIR; };
		038A06982C3D6F730017DE6E /* ChatMateApp.swift */ = {isa = PBXFileReference; lastKnownFileType = sourcecode.swift; path = ChatMateApp.swift; sourceTree = "<group>"; };
		038A069A2C3D6F730017DE6E /* ContentView.swift */ = {isa = PBXFileReference; lastKnownFileType = sourcecode.swift; path = ContentView.swift; sourceTree = "<group>"; };
		038A069C2C3D6F750017DE6E /* Assets.xcassets */ = {isa = PBXFileReference; lastKnownFileType = folder.assetcatalog; path = Assets.xcassets; sourceTree = "<group>"; };
		038A069F2C3D6F750017DE6E /* Preview Assets.xcassets */ = {isa = PBXFileReference; lastKnownFileType = folder.assetcatalog; path = "Preview Assets.xcassets"; sourceTree = "<group>"; };
		038A06A52C3D6F750017DE6E /* ChatMateTests.xctest */ = {isa = PBXFileReference; explicitFileType = wrapper.cfbundle; includeInIndex = 0; path = ChatMateTests.xctest; sourceTree = BUILT_PRODUCTS_DIR; };
		038A06A92C3D6F750017DE6E /* ChatMateTests.swift */ = {isa = PBXFileReference; lastKnownFileType = sourcecode.swift; path = ChatMateTests.swift; sourceTree = "<group>"; };
		038A06AF2C3D6F750017DE6E /* ChatMateUITests.xctest */ = {isa = PBXFileReference; explicitFileType = wrapper.cfbundle; includeInIndex = 0; path = ChatMateUITests.xctest; sourceTree = BUILT_PRODUCTS_DIR; };
		038A06B32C3D6F750017DE6E /* ChatMateUITests.swift */ = {isa = PBXFileReference; lastKnownFileType = sourcecode.swift; path = ChatMateUITests.swift; sourceTree = "<group>"; };
		038A06B52C3D6F750017DE6E /* ChatMateUITestsLaunchTests.swift */ = {isa = PBXFileReference; lastKnownFileType = sourcecode.swift; path = ChatMateUITestsLaunchTests.swift; sourceTree = "<group>"; };
		038A06C22C3D71FA0017DE6E /* GoogleService-Info.plist */ = {isa = PBXFileReference; fileEncoding = 4; lastKnownFileType = text.plist.xml; name = "GoogleService-Info.plist"; path = "../../../../Downloads/GoogleService-Info.plist"; sourceTree = "<group>"; };
		03BDAA0E2C3D79450081E3FA /* SignupView.swift */ = {isa = PBXFileReference; lastKnownFileType = sourcecode.swift; path = SignupView.swift; sourceTree = "<group>"; };
		03BDAA112C3D7DF50081E3FA /* Strings+Extensions.swift */ = {isa = PBXFileReference; lastKnownFileType = sourcecode.swift; path = "Strings+Extensions.swift"; sourceTree = "<group>"; };
		03BDAA152C3DA2C20081E3FA /* ChatViewModel.swift */ = {isa = PBXFileReference; lastKnownFileType = sourcecode.swift; path = ChatViewModel.swift; sourceTree = "<group>"; };
		03BDAA172C3DABC50081E3FA /* LoginView.swift */ = {isa = PBXFileReference; lastKnownFileType = sourcecode.swift; path = LoginView.swift; sourceTree = "<group>"; };
		03EED9802C3EC3AB00A6A8AC /* MainView.swift */ = {isa = PBXFileReference; lastKnownFileType = sourcecode.swift; path = MainView.swift; sourceTree = "<group>"; };
		03EED9822C3ECF6D00A6A8AC /* AppState.swift */ = {isa = PBXFileReference; lastKnownFileType = sourcecode.swift; path = AppState.swift; sourceTree = "<group>"; };
/* End PBXFileReference section */

/* Begin PBXFrameworksBuildPhase section */
		038A06922C3D6F730017DE6E /* Frameworks */ = {
			isa = PBXFrameworksBuildPhase;
			buildActionMask = 2147483647;
			files = (
				038A06C62C3D73C90017DE6E /* FirebaseAuth in Frameworks */,
				038A06CC2C3D73C90017DE6E /* FirebaseStorage in Frameworks */,
				038A06C82C3D73C90017DE6E /* FirebaseFirestore in Frameworks */,
				038A06CA2C3D73C90017DE6E /* FirebaseFirestoreSwift in Frameworks */,
			);
			runOnlyForDeploymentPostprocessing = 0;
		};
		038A06A22C3D6F750017DE6E /* Frameworks */ = {
			isa = PBXFrameworksBuildPhase;
			buildActionMask = 2147483647;
			files = (
			);
			runOnlyForDeploymentPostprocessing = 0;
		};
		038A06AC2C3D6F750017DE6E /* Frameworks */ = {
			isa = PBXFrameworksBuildPhase;
			buildActionMask = 2147483647;
			files = (
			);
			runOnlyForDeploymentPostprocessing = 0;
		};
/* End PBXFrameworksBuildPhase section */

/* Begin PBXGroup section */
		038A068C2C3D6F730017DE6E = {
			isa = PBXGroup;
			children = (
				038A06972C3D6F730017DE6E /* ChatMate */,
				038A06A82C3D6F750017DE6E /* ChatMateTests */,
				038A06B22C3D6F750017DE6E /* ChatMateUITests */,
				038A06962C3D6F730017DE6E /* Products */,
			);
			sourceTree = "<group>";
		};
		038A06962C3D6F730017DE6E /* Products */ = {
			isa = PBXGroup;
			children = (
				038A06952C3D6F730017DE6E /* ChatMate.app */,
				038A06A52C3D6F750017DE6E /* ChatMateTests.xctest */,
				038A06AF2C3D6F750017DE6E /* ChatMateUITests.xctest */,
			);
			name = Products;
			sourceTree = "<group>";
		};
		038A06972C3D6F730017DE6E /* ChatMate */ = {
			isa = PBXGroup;
			children = (
				03BDAA142C3DA2A80081E3FA /* ViewModel */,
				03BDAA132C3DA1FB0081E3FA /* Model */,
				03BDAA102C3D7CE30081E3FA /* Extensions */,
				03BDAA0D2C3D792B0081E3FA /* Views */,
				038A06982C3D6F730017DE6E /* ChatMateApp.swift */,
				038A069A2C3D6F730017DE6E /* ContentView.swift */,
				038A06C22C3D71FA0017DE6E /* GoogleService-Info.plist */,
				038A069C2C3D6F750017DE6E /* Assets.xcassets */,
				038A069E2C3D6F750017DE6E /* Preview Content */,
			);
			path = ChatMate;
			sourceTree = "<group>";
		};
		038A069E2C3D6F750017DE6E /* Preview Content */ = {
			isa = PBXGroup;
			children = (
				038A069F2C3D6F750017DE6E /* Preview Assets.xcassets */,
			);
			path = "Preview Content";
			sourceTree = "<group>";
		};
		038A06A82C3D6F750017DE6E /* ChatMateTests */ = {
			isa = PBXGroup;
			children = (
				038A06A92C3D6F750017DE6E /* ChatMateTests.swift */,
			);
			path = ChatMateTests;
			sourceTree = "<group>";
		};
		038A06B22C3D6F750017DE6E /* ChatMateUITests */ = {
			isa = PBXGroup;
			children = (
				038A06B32C3D6F750017DE6E /* ChatMateUITests.swift */,
				038A06B52C3D6F750017DE6E /* ChatMateUITestsLaunchTests.swift */,
			);
			path = ChatMateUITests;
			sourceTree = "<group>";
		};
		03BDAA0D2C3D792B0081E3FA /* Views */ = {
			isa = PBXGroup;
			children = (
				03BDAA0E2C3D79450081E3FA /* SignupView.swift */,
				03BDAA172C3DABC50081E3FA /* LoginView.swift */,
				03EED9802C3EC3AB00A6A8AC /* MainView.swift */,
			);
			path = Views;
			sourceTree = "<group>";
		};
		03BDAA102C3D7CE30081E3FA /* Extensions */ = {
			isa = PBXGroup;
			children = (
				03BDAA112C3D7DF50081E3FA /* Strings+Extensions.swift */,
			);
			path = Extensions;
			sourceTree = "<group>";
		};
		03BDAA132C3DA1FB0081E3FA /* Model */ = {
			isa = PBXGroup;
			children = (
				03EED9822C3ECF6D00A6A8AC /* AppState.swift */,
			);
			path = Model;
			sourceTree = "<group>";
		};
		03BDAA142C3DA2A80081E3FA /* ViewModel */ = {
			isa = PBXGroup;
			children = (
				03BDAA152C3DA2C20081E3FA /* ChatViewModel.swift */,
			);
			path = ViewModel;
			sourceTree = "<group>";
		};
/* End PBXGroup section */

/* Begin PBXNativeTarget section */
		038A06942C3D6F730017DE6E /* ChatMate */ = {
			isa = PBXNativeTarget;
			buildConfigurationList = 038A06B92C3D6F750017DE6E /* Build configuration list for PBXNativeTarget "ChatMate" */;
			buildPhases = (
				038A06912C3D6F730017DE6E /* Sources */,
				038A06922C3D6F730017DE6E /* Frameworks */,
				038A06932C3D6F730017DE6E /* Resources */,
			);
			buildRules = (
			);
			dependencies = (
			);
			name = ChatMate;
			packageProductDependencies = (
				038A06C52C3D73C90017DE6E /* FirebaseAuth */,
				038A06C72C3D73C90017DE6E /* FirebaseFirestore */,
				038A06C92C3D73C90017DE6E /* FirebaseFirestoreSwift */,
				038A06CB2C3D73C90017DE6E /* FirebaseStorage */,
			);
			productName = ChatMate;
			productReference = 038A06952C3D6F730017DE6E /* ChatMate.app */;
			productType = "com.apple.product-type.application";
		};
		038A06A42C3D6F750017DE6E /* ChatMateTests */ = {
			isa = PBXNativeTarget;
			buildConfigurationList = 038A06BC2C3D6F750017DE6E /* Build configuration list for PBXNativeTarget "ChatMateTests" */;
			buildPhases = (
				038A06A12C3D6F750017DE6E /* Sources */,
				038A06A22C3D6F750017DE6E /* Frameworks */,
				038A06A32C3D6F750017DE6E /* Resources */,
			);
			buildRules = (
			);
			dependencies = (
				038A06A72C3D6F750017DE6E /* PBXTargetDependency */,
			);
			name = ChatMateTests;
			productName = ChatMateTests;
			productReference = 038A06A52C3D6F750017DE6E /* ChatMateTests.xctest */;
			productType = "com.apple.product-type.bundle.unit-test";
		};
		038A06AE2C3D6F750017DE6E /* ChatMateUITests */ = {
			isa = PBXNativeTarget;
			buildConfigurationList = 038A06BF2C3D6F750017DE6E /* Build configuration list for PBXNativeTarget "ChatMateUITests" */;
			buildPhases = (
				038A06AB2C3D6F750017DE6E /* Sources */,
				038A06AC2C3D6F750017DE6E /* Frameworks */,
				038A06AD2C3D6F750017DE6E /* Resources */,
			);
			buildRules = (
			);
			dependencies = (
				038A06B12C3D6F750017DE6E /* PBXTargetDependency */,
			);
			name = ChatMateUITests;
			productName = ChatMateUITests;
			productReference = 038A06AF2C3D6F750017DE6E /* ChatMateUITests.xctest */;
			productType = "com.apple.product-type.bundle.ui-testing";
		};
/* End PBXNativeTarget section */

/* Begin PBXProject section */
		038A068D2C3D6F730017DE6E /* Project object */ = {
			isa = PBXProject;
			attributes = {
				BuildIndependentTargetsInParallel = 1;
				LastSwiftUpdateCheck = 1530;
				LastUpgradeCheck = 1530;
				TargetAttributes = {
					038A06942C3D6F730017DE6E = {
						CreatedOnToolsVersion = 15.3;
					};
					038A06A42C3D6F750017DE6E = {
						CreatedOnToolsVersion = 15.3;
						TestTargetID = 038A06942C3D6F730017DE6E;
					};
					038A06AE2C3D6F750017DE6E = {
						CreatedOnToolsVersion = 15.3;
						TestTargetID = 038A06942C3D6F730017DE6E;
					};
				};
			};
			buildConfigurationList = 038A06902C3D6F730017DE6E /* Build configuration list for PBXProject "ChatMate" */;
			compatibilityVersion = "Xcode 14.0";
			developmentRegion = en;
			hasScannedForEncodings = 0;
			knownRegions = (
				en,
				Base,
			);
			mainGroup = 038A068C2C3D6F730017DE6E;
			packageReferences = (
				038A06C42C3D73C90017DE6E /* XCRemoteSwiftPackageReference "firebase-ios-sdk" */,
			);
			productRefGroup = 038A06962C3D6F730017DE6E /* Products */;
			projectDirPath = "";
			projectRoot = "";
			targets = (
				038A06942C3D6F730017DE6E /* ChatMate */,
				038A06A42C3D6F750017DE6E /* ChatMateTests */,
				038A06AE2C3D6F750017DE6E /* ChatMateUITests */,
			);
		};
/* End PBXProject section */

/* Begin PBXResourcesBuildPhase section */
		038A06932C3D6F730017DE6E /* Resources */ = {
			isa = PBXResourcesBuildPhase;
			buildActionMask = 2147483647;
			files = (
				038A06A02C3D6F750017DE6E /* Preview Assets.xcassets in Resources */,
				038A069D2C3D6F750017DE6E /* Assets.xcassets in Resources */,
				038A06C32C3D71FA0017DE6E /* GoogleService-Info.plist in Resources */,
			);
			runOnlyForDeploymentPostprocessing = 0;
		};
		038A06A32C3D6F750017DE6E /* Resources */ = {
			isa = PBXResourcesBuildPhase;
			buildActionMask = 2147483647;
			files = (
			);
			runOnlyForDeploymentPostprocessing = 0;
		};
		038A06AD2C3D6F750017DE6E /* Resources */ = {
			isa = PBXResourcesBuildPhase;
			buildActionMask = 2147483647;
			files = (
			);
			runOnlyForDeploymentPostprocessing = 0;
		};
/* End PBXResourcesBuildPhase section */

/* Begin PBXSourcesBuildPhase section */
		038A06912C3D6F730017DE6E /* Sources */ = {
			isa = PBXSourcesBuildPhase;
			buildActionMask = 2147483647;
			files = (
				03BDAA182C3DABC50081E3FA /* LoginView.swift in Sources */,
				03EED9812C3EC3AB00A6A8AC /* MainView.swift in Sources */,
				03BDAA122C3D7DF50081E3FA /* Strings+Extensions.swift in Sources */,
				03EED9832C3ECF6D00A6A8AC /* AppState.swift in Sources */,
				03BDAA0F2C3D79450081E3FA /* SignupView.swift in Sources */,
				038A069B2C3D6F730017DE6E /* ContentView.swift in Sources */,
				03BDAA162C3DA2C20081E3FA /* ChatViewModel.swift in Sources */,
				038A06992C3D6F730017DE6E /* ChatMateApp.swift in Sources */,
			);
			runOnlyForDeploymentPostprocessing = 0;
		};
		038A06A12C3D6F750017DE6E /* Sources */ = {
			isa = PBXSourcesBuildPhase;
			buildActionMask = 2147483647;
			files = (
				038A06AA2C3D6F750017DE6E /* ChatMateTests.swift in Sources */,
			);
			runOnlyForDeploymentPostprocessing = 0;
		};
		038A06AB2C3D6F750017DE6E /* Sources */ = {
			isa = PBXSourcesBuildPhase;
			buildActionMask = 2147483647;
			files = (
				038A06B62C3D6F750017DE6E /* ChatMateUITestsLaunchTests.swift in Sources */,
				038A06B42C3D6F750017DE6E /* ChatMateUITests.swift in Sources */,
			);
			runOnlyForDeploymentPostprocessing = 0;
		};
/* End PBXSourcesBuildPhase section */

/* Begin PBXTargetDependency section */
		038A06A72C3D6F750017DE6E /* PBXTargetDependency */ = {
			isa = PBXTargetDependency;
			target = 038A06942C3D6F730017DE6E /* ChatMate */;
			targetProxy = 038A06A62C3D6F750017DE6E /* PBXContainerItemProxy */;
		};
		038A06B12C3D6F750017DE6E /* PBXTargetDependency */ = {
			isa = PBXTargetDependency;
			target = 038A06942C3D6F730017DE6E /* ChatMate */;
			targetProxy = 038A06B02C3D6F750017DE6E /* PBXContainerItemProxy */;
		};
/* End PBXTargetDependency section */

/* Begin XCBuildConfiguration section */
		038A06B72C3D6F750017DE6E /* Debug */ = {
			isa = XCBuildConfiguration;
			buildSettings = {
				ALWAYS_SEARCH_USER_PATHS = NO;
				ASSETCATALOG_COMPILER_GENERATE_SWIFT_ASSET_SYMBOL_EXTENSIONS = YES;
				CLANG_ANALYZER_NONNULL = YES;
				CLANG_ANALYZER_NUMBER_OBJECT_CONVERSION = YES_AGGRESSIVE;
				CLANG_CXX_LANGUAGE_STANDARD = "gnu++20";
				CLANG_ENABLE_MODULES = YES;
				CLANG_ENABLE_OBJC_ARC = YES;
				CLANG_ENABLE_OBJC_WEAK = YES;
				CLANG_WARN_BLOCK_CAPTURE_AUTORELEASING = YES;
				CLANG_WARN_BOOL_CONVERSION = YES;
				CLANG_WARN_COMMA = YES;
				CLANG_WARN_CONSTANT_CONVERSION = YES;
				CLANG_WARN_DEPRECATED_OBJC_IMPLEMENTATIONS = YES;
				CLANG_WARN_DIRECT_OBJC_ISA_USAGE = YES_ERROR;
				CLANG_WARN_DOCUMENTATION_COMMENTS = YES;
				CLANG_WARN_EMPTY_BODY = YES;
				CLANG_WARN_ENUM_CONVERSION = YES;
				CLANG_WARN_INFINITE_RECURSION = YES;
				CLANG_WARN_INT_CONVERSION = YES;
				CLANG_WARN_NON_LITERAL_NULL_CONVERSION = YES;
				CLANG_WARN_OBJC_IMPLICIT_RETAIN_SELF = YES;
				CLANG_WARN_OBJC_LITERAL_CONVERSION = YES;
				CLANG_WARN_OBJC_ROOT_CLASS = YES_ERROR;
				CLANG_WARN_QUOTED_INCLUDE_IN_FRAMEWORK_HEADER = YES;
				CLANG_WARN_RANGE_LOOP_ANALYSIS = YES;
				CLANG_WARN_STRICT_PROTOTYPES = YES;
				CLANG_WARN_SUSPICIOUS_MOVE = YES;
				CLANG_WARN_UNGUARDED_AVAILABILITY = YES_AGGRESSIVE;
				CLANG_WARN_UNREACHABLE_CODE = YES;
				CLANG_WARN__DUPLICATE_METHOD_MATCH = YES;
				COPY_PHASE_STRIP = NO;
				DEBUG_INFORMATION_FORMAT = dwarf;
				ENABLE_STRICT_OBJC_MSGSEND = YES;
				ENABLE_TESTABILITY = YES;
				ENABLE_USER_SCRIPT_SANDBOXING = YES;
				GCC_C_LANGUAGE_STANDARD = gnu17;
				GCC_DYNAMIC_NO_PIC = NO;
				GCC_NO_COMMON_BLOCKS = YES;
				GCC_OPTIMIZATION_LEVEL = 0;
				GCC_PREPROCESSOR_DEFINITIONS = (
					"DEBUG=1",
					"$(inherited)",
				);
				GCC_WARN_64_TO_32_BIT_CONVERSION = YES;
				GCC_WARN_ABOUT_RETURN_TYPE = YES_ERROR;
				GCC_WARN_UNDECLARED_SELECTOR = YES;
				GCC_WARN_UNINITIALIZED_AUTOS = YES_AGGRESSIVE;
				GCC_WARN_UNUSED_FUNCTION = YES;
				GCC_WARN_UNUSED_VARIABLE = YES;
				IPHONEOS_DEPLOYMENT_TARGET = 17.4;
				LOCALIZATION_PREFERS_STRING_CATALOGS = YES;
				MTL_ENABLE_DEBUG_INFO = INCLUDE_SOURCE;
				MTL_FAST_MATH = YES;
				ONLY_ACTIVE_ARCH = YES;
				SDKROOT = iphoneos;
				SWIFT_ACTIVE_COMPILATION_CONDITIONS = "DEBUG $(inherited)";
				SWIFT_OPTIMIZATION_LEVEL = "-Onone";
			};
			name = Debug;
		};
		038A06B82C3D6F750017DE6E /* Release */ = {
			isa = XCBuildConfiguration;
			buildSettings = {
				ALWAYS_SEARCH_USER_PATHS = NO;
				ASSETCATALOG_COMPILER_GENERATE_SWIFT_ASSET_SYMBOL_EXTENSIONS = YES;
				CLANG_ANALYZER_NONNULL = YES;
				CLANG_ANALYZER_NUMBER_OBJECT_CONVERSION = YES_AGGRESSIVE;
				CLANG_CXX_LANGUAGE_STANDARD = "gnu++20";
				CLANG_ENABLE_MODULES = YES;
				CLANG_ENABLE_OBJC_ARC = YES;
				CLANG_ENABLE_OBJC_WEAK = YES;
				CLANG_WARN_BLOCK_CAPTURE_AUTORELEASING = YES;
				CLANG_WARN_BOOL_CONVERSION = YES;
				CLANG_WARN_COMMA = YES;
				CLANG_WARN_CONSTANT_CONVERSION = YES;
				CLANG_WARN_DEPRECATED_OBJC_IMPLEMENTATIONS = YES;
				CLANG_WARN_DIRECT_OBJC_ISA_USAGE = YES_ERROR;
				CLANG_WARN_DOCUMENTATION_COMMENTS = YES;
				CLANG_WARN_EMPTY_BODY = YES;
				CLANG_WARN_ENUM_CONVERSION = YES;
				CLANG_WARN_INFINITE_RECURSION = YES;
				CLANG_WARN_INT_CONVERSION = YES;
				CLANG_WARN_NON_LITERAL_NULL_CONVERSION = YES;
				CLANG_WARN_OBJC_IMPLICIT_RETAIN_SELF = YES;
				CLANG_WARN_OBJC_LITERAL_CONVERSION = YES;
				CLANG_WARN_OBJC_ROOT_CLASS = YES_ERROR;
				CLANG_WARN_QUOTED_INCLUDE_IN_FRAMEWORK_HEADER = YES;
				CLANG_WARN_RANGE_LOOP_ANALYSIS = YES;
				CLANG_WARN_STRICT_PROTOTYPES = YES;
				CLANG_WARN_SUSPICIOUS_MOVE = YES;
				CLANG_WARN_UNGUARDED_AVAILABILITY = YES_AGGRESSIVE;
				CLANG_WARN_UNREACHABLE_CODE = YES;
				CLANG_WARN__DUPLICATE_METHOD_MATCH = YES;
				COPY_PHASE_STRIP = NO;
				DEBUG_INFORMATION_FORMAT = "dwarf-with-dsym";
				ENABLE_NS_ASSERTIONS = NO;
				ENABLE_STRICT_OBJC_MSGSEND = YES;
				ENABLE_USER_SCRIPT_SANDBOXING = YES;
				GCC_C_LANGUAGE_STANDARD = gnu17;
				GCC_NO_COMMON_BLOCKS = YES;
				GCC_WARN_64_TO_32_BIT_CONVERSION = YES;
				GCC_WARN_ABOUT_RETURN_TYPE = YES_ERROR;
				GCC_WARN_UNDECLARED_SELECTOR = YES;
				GCC_WARN_UNINITIALIZED_AUTOS = YES_AGGRESSIVE;
				GCC_WARN_UNUSED_FUNCTION = YES;
				GCC_WARN_UNUSED_VARIABLE = YES;
				IPHONEOS_DEPLOYMENT_TARGET = 17.4;
				LOCALIZATION_PREFERS_STRING_CATALOGS = YES;
				MTL_ENABLE_DEBUG_INFO = NO;
				MTL_FAST_MATH = YES;
				SDKROOT = iphoneos;
				SWIFT_COMPILATION_MODE = wholemodule;
				VALIDATE_PRODUCT = YES;
			};
			name = Release;
		};
		038A06BA2C3D6F750017DE6E /* Debug */ = {
			isa = XCBuildConfiguration;
			buildSettings = {
				ASSETCATALOG_COMPILER_APPICON_NAME = AppIcon;
				ASSETCATALOG_COMPILER_GLOBAL_ACCENT_COLOR_NAME = AccentColor;
				CODE_SIGN_STYLE = Automatic;
				CURRENT_PROJECT_VERSION = 1;
				DEVELOPMENT_ASSET_PATHS = "\"ChatMate/Preview Content\"";
				DEVELOPMENT_TEAM = 46X4582BC7;
				ENABLE_PREVIEWS = YES;
				GENERATE_INFOPLIST_FILE = YES;
				INFOPLIST_KEY_UIApplicationSceneManifest_Generation = YES;
				INFOPLIST_KEY_UIApplicationSupportsIndirectInputEvents = YES;
				INFOPLIST_KEY_UILaunchScreen_Generation = YES;
				INFOPLIST_KEY_UISupportedInterfaceOrientations_iPad = "UIInterfaceOrientationPortrait UIInterfaceOrientationPortraitUpsideDown UIInterfaceOrientationLandscapeLeft UIInterfaceOrientationLandscapeRight";
				INFOPLIST_KEY_UISupportedInterfaceOrientations_iPhone = "UIInterfaceOrientationPortrait UIInterfaceOrientationLandscapeLeft UIInterfaceOrientationLandscapeRight";
				LD_RUNPATH_SEARCH_PATHS = (
					"$(inherited)",
					"@executable_path/Frameworks",
				);
				MARKETING_VERSION = 1.0;
				PRODUCT_BUNDLE_IDENTIFIER = com.jordan.ChatMate;
				PRODUCT_NAME = "$(TARGET_NAME)";
				SWIFT_EMIT_LOC_STRINGS = YES;
				SWIFT_VERSION = 5.0;
				TARGETED_DEVICE_FAMILY = "1,2";
			};
			name = Debug;
		};
		038A06BB2C3D6F750017DE6E /* Release */ = {
			isa = XCBuildConfiguration;
			buildSettings = {
				ASSETCATALOG_COMPILER_APPICON_NAME = AppIcon;
				ASSETCATALOG_COMPILER_GLOBAL_ACCENT_COLOR_NAME = AccentColor;
				CODE_SIGN_STYLE = Automatic;
				CURRENT_PROJECT_VERSION = 1;
				DEVELOPMENT_ASSET_PATHS = "\"ChatMate/Preview Content\"";
				DEVELOPMENT_TEAM = 46X4582BC7;
				ENABLE_PREVIEWS = YES;
				GENERATE_INFOPLIST_FILE = YES;
				INFOPLIST_KEY_UIApplicationSceneManifest_Generation = YES;
				INFOPLIST_KEY_UIApplicationSupportsIndirectInputEvents = YES;
				INFOPLIST_KEY_UILaunchScreen_Generation = YES;
				INFOPLIST_KEY_UISupportedInterfaceOrientations_iPad = "UIInterfaceOrientationPortrait UIInterfaceOrientationPortraitUpsideDown UIInterfaceOrientationLandscapeLeft UIInterfaceOrientationLandscapeRight";
				INFOPLIST_KEY_UISupportedInterfaceOrientations_iPhone = "UIInterfaceOrientationPortrait UIInterfaceOrientationLandscapeLeft UIInterfaceOrientationLandscapeRight";
				LD_RUNPATH_SEARCH_PATHS = (
					"$(inherited)",
					"@executable_path/Frameworks",
				);
				MARKETING_VERSION = 1.0;
				PRODUCT_BUNDLE_IDENTIFIER = com.jordan.ChatMate;
				PRODUCT_NAME = "$(TARGET_NAME)";
				SWIFT_EMIT_LOC_STRINGS = YES;
				SWIFT_VERSION = 5.0;
				TARGETED_DEVICE_FAMILY = "1,2";
			};
			name = Release;
		};
		038A06BD2C3D6F750017DE6E /* Debug */ = {
			isa = XCBuildConfiguration;
			buildSettings = {
				ALWAYS_EMBED_SWIFT_STANDARD_LIBRARIES = YES;
				BUNDLE_LOADER = "$(TEST_HOST)";
				CODE_SIGN_STYLE = Automatic;
				CURRENT_PROJECT_VERSION = 1;
				DEVELOPMENT_TEAM = 46X4582BC7;
				GENERATE_INFOPLIST_FILE = YES;
				IPHONEOS_DEPLOYMENT_TARGET = 17.4;
				MARKETING_VERSION = 1.0;
				PRODUCT_BUNDLE_IDENTIFIER = com.jordan.ChatMateTests;
				PRODUCT_NAME = "$(TARGET_NAME)";
				SWIFT_EMIT_LOC_STRINGS = NO;
				SWIFT_VERSION = 5.0;
				TARGETED_DEVICE_FAMILY = "1,2";
				TEST_HOST = "$(BUILT_PRODUCTS_DIR)/ChatMate.app/$(BUNDLE_EXECUTABLE_FOLDER_PATH)/ChatMate";
			};
			name = Debug;
		};
		038A06BE2C3D6F750017DE6E /* Release */ = {
			isa = XCBuildConfiguration;
			buildSettings = {
				ALWAYS_EMBED_SWIFT_STANDARD_LIBRARIES = YES;
				BUNDLE_LOADER = "$(TEST_HOST)";
				CODE_SIGN_STYLE = Automatic;
				CURRENT_PROJECT_VERSION = 1;
				DEVELOPMENT_TEAM = 46X4582BC7;
				GENERATE_INFOPLIST_FILE = YES;
				IPHONEOS_DEPLOYMENT_TARGET = 17.4;
				MARKETING_VERSION = 1.0;
				PRODUCT_BUNDLE_IDENTIFIER = com.jordan.ChatMateTests;
				PRODUCT_NAME = "$(TARGET_NAME)";
				SWIFT_EMIT_LOC_STRINGS = NO;
				SWIFT_VERSION = 5.0;
				TARGETED_DEVICE_FAMILY = "1,2";
				TEST_HOST = "$(BUILT_PRODUCTS_DIR)/ChatMate.app/$(BUNDLE_EXECUTABLE_FOLDER_PATH)/ChatMate";
			};
			name = Release;
		};
		038A06C02C3D6F750017DE6E /* Debug */ = {
			isa = XCBuildConfiguration;
			buildSettings = {
				ALWAYS_EMBED_SWIFT_STANDARD_LIBRARIES = YES;
				CODE_SIGN_STYLE = Automatic;
				CURRENT_PROJECT_VERSION = 1;
				DEVELOPMENT_TEAM = 46X4582BC7;
				GENERATE_INFOPLIST_FILE = YES;
				MARKETING_VERSION = 1.0;
				PRODUCT_BUNDLE_IDENTIFIER = com.jordan.ChatMateUITests;
				PRODUCT_NAME = "$(TARGET_NAME)";
				SWIFT_EMIT_LOC_STRINGS = NO;
				SWIFT_VERSION = 5.0;
				TARGETED_DEVICE_FAMILY = "1,2";
				TEST_TARGET_NAME = ChatMate;
			};
			name = Debug;
		};
		038A06C12C3D6F750017DE6E /* Release */ = {
			isa = XCBuildConfiguration;
			buildSettings = {
				ALWAYS_EMBED_SWIFT_STANDARD_LIBRARIES = YES;
				CODE_SIGN_STYLE = Automatic;
				CURRENT_PROJECT_VERSION = 1;
				DEVELOPMENT_TEAM = 46X4582BC7;
				GENERATE_INFOPLIST_FILE = YES;
				MARKETING_VERSION = 1.0;
				PRODUCT_BUNDLE_IDENTIFIER = com.jordan.ChatMateUITests;
				PRODUCT_NAME = "$(TARGET_NAME)";
				SWIFT_EMIT_LOC_STRINGS = NO;
				SWIFT_VERSION = 5.0;
				TARGETED_DEVICE_FAMILY = "1,2";
				TEST_TARGET_NAME = ChatMate;
			};
			name = Release;
		};
/* End XCBuildConfiguration section */

/* Begin XCConfigurationList section */
		038A06902C3D6F730017DE6E /* Build configuration list for PBXProject "ChatMate" */ = {
			isa = XCConfigurationList;
			buildConfigurations = (
				038A06B72C3D6F750017DE6E /* Debug */,
				038A06B82C3D6F750017DE6E /* Release */,
			);
			defaultConfigurationIsVisible = 0;
			defaultConfigurationName = Release;
		};
		038A06B92C3D6F750017DE6E /* Build configuration list for PBXNativeTarget "ChatMate" */ = {
			isa = XCConfigurationList;
			buildConfigurations = (
				038A06BA2C3D6F750017DE6E /* Debug */,
				038A06BB2C3D6F750017DE6E /* Release */,
			);
			defaultConfigurationIsVisible = 0;
			defaultConfigurationName = Release;
		};
		038A06BC2C3D6F750017DE6E /* Build configuration list for PBXNativeTarget "ChatMateTests" */ = {
			isa = XCConfigurationList;
			buildConfigurations = (
				038A06BD2C3D6F750017DE6E /* Debug */,
				038A06BE2C3D6F750017DE6E /* Release */,
			);
			defaultConfigurationIsVisible = 0;
			defaultConfigurationName = Release;
		};
		038A06BF2C3D6F750017DE6E /* Build configuration list for PBXNativeTarget "ChatMateUITests" */ = {
			isa = XCConfigurationList;
			buildConfigurations = (
				038A06C02C3D6F750017DE6E /* Debug */,
				038A06C12C3D6F750017DE6E /* Release */,
			);
			defaultConfigurationIsVisible = 0;
			defaultConfigurationName = Release;
		};
/* End XCConfigurationList section */

/* Begin XCRemoteSwiftPackageReference section */
		038A06C42C3D73C90017DE6E /* XCRemoteSwiftPackageReference "firebase-ios-sdk" */ = {
			isa = XCRemoteSwiftPackageReference;
			repositoryURL = "https://github.com/firebase/firebase-ios-sdk";
			requirement = {
				kind = upToNextMajorVersion;
				minimumVersion = 10.29.0;
			};
		};
/* End XCRemoteSwiftPackageReference section */

/* Begin XCSwiftPackageProductDependency section */
		038A06C52C3D73C90017DE6E /* FirebaseAuth */ = {
			isa = XCSwiftPackageProductDependency;
			package = 038A06C42C3D73C90017DE6E /* XCRemoteSwiftPackageReference "firebase-ios-sdk" */;
			productName = FirebaseAuth;
		};
		038A06C72C3D73C90017DE6E /* FirebaseFirestore */ = {
			isa = XCSwiftPackageProductDependency;
			package = 038A06C42C3D73C90017DE6E /* XCRemoteSwiftPackageReference "firebase-ios-sdk" */;
			productName = FirebaseFirestore;
		};
		038A06C92C3D73C90017DE6E /* FirebaseFirestoreSwift */ = {
			isa = XCSwiftPackageProductDependency;
			package = 038A06C42C3D73C90017DE6E /* XCRemoteSwiftPackageReference "firebase-ios-sdk" */;
			productName = FirebaseFirestoreSwift;
		};
		038A06CB2C3D73C90017DE6E /* FirebaseStorage */ = {
			isa = XCSwiftPackageProductDependency;
			package = 038A06C42C3D73C90017DE6E /* XCRemoteSwiftPackageReference "firebase-ios-sdk" */;
			productName = FirebaseStorage;
		};
/* End XCSwiftPackageProductDependency section */
	};
	rootObject = 038A068D2C3D6F730017DE6E /* Project object */;
}
